
Microsoft Visual Studio Solution File, Format Version 12.00
# Visual Studio Version 17
VisualStudioVersion = 17.9.34902.65
MinimumVisualStudioVersion = 10.0.40219.1
Project("{9A19103F-16F7-4668-BE54-9A1E7A4F7556}") = "MyCompany.MyProject.BasicTutorialExtension", "tutorial_basics\MyCompany.MyProject.BasicTutorialExtension.csproj", "{728B4963-D7F5-4190-A84C-7976D90FABD2}"
EndProject
Global
	GlobalSection(SolutionConfigurationPlatforms) = preSolution
		Debug|Any CPU = Debug|Any CPU
		Release|Any CPU = Release|Any CPU
	EndGlobalSection
	GlobalSection(ProjectConfigurationPlatforms) = postSolution
		{728B4963-D7F5-4190-A84C-7976D90FABD2}.Debug|Any CPU.ActiveCfg = Debug|Any CPU
		{728B4963-D7F5-4190-A84C-7976D90FABD2}.Debug|Any CPU.Build.0 = Debug|Any CPU
		{728B4963-D7F5-4190-A84C-7976D90FABD2}.Release|Any CPU.ActiveCfg = Release|Any CPU
		{728B4963-D7F5-4190-A84C-7976D90FABD2}.Release|Any CPU.Build.0 = Release|Any CPU
	EndGlobalSection
	GlobalSection(SolutionProperties) = preSolution
		HideSolutionNode = FALSE
	EndGlobalSection
	GlobalSection(ExtensibilityGlobals) = postSolution
		SolutionGuid = {D9CA50BF-E8FC-4E86-B931-097E919A47F3}
	EndGlobalSection
EndGlobal
